
Microsoft Visual Studio Solution File, Format Version 12.00
# Visual Studio 15
VisualStudioVersion = 15.0.26430.4
MinimumVisualStudioVersion = 10.0.40219.1
Project("{FAE04EC0-301F-11D3-BF4B-00C04F79EFBC}") = "ASPNETCore-Sync-Async-EF", "ASPNETCore-Sync-Async-EF\ASPNETCore-Sync-Async-EF.csproj", "{7168F7A4-35DA-4288-A81F-F658DADB72DF}"
EndProject
Global
	GlobalSection(SolutionConfigurationPlatforms) = preSolution
		Debug|Any CPU = Debug|Any CPU
		Release|Any CPU = Release|Any CPU
	EndGlobalSection
	GlobalSection(ProjectConfigurationPlatforms) = postSolution
		{7168F7A4-35DA-4288-A81F-F658DADB72DF}.Debug|Any CPU.ActiveCfg = Debug|Any CPU
		{7168F7A4-35DA-4288-A81F-F658DADB72DF}.Debug|Any CPU.Build.0 = Debug|Any CPU
		{7168F7A4-35DA-4288-A81F-F658DADB72DF}.Release|Any CPU.ActiveCfg = Release|Any CPU
		{7168F7A4-35DA-4288-A81F-F658DADB72DF}.Release|Any CPU.Build.0 = Release|Any CPU
	EndGlobalSection
	GlobalSection(SolutionProperties) = preSolution
		HideSolutionNode = FALSE
	EndGlobalSection
EndGlobal
